
Microsoft Visual Studio Solution File, Format Version 12.00
# Visual Studio Version 16
VisualStudioVersion = 16.0.29418.71
MinimumVisualStudioVersion = 10.0.40219.1
Project("{FAE04EC0-301F-11D3-BF4B-00C04F79EFBC}") = "ConsoleApp2", "ConsoleApp2\ConsoleApp2.csproj", "{D6C981C3-357B-4333-A3BF-22DDE7E7B882}"
EndProject
Global
	GlobalSection(SolutionConfigurationPlatforms) = preSolution
		Debug|Any CPU = Debug|Any CPU
		Release|Any CPU = Release|Any CPU
	EndGlobalSection
	GlobalSection(ProjectConfigurationPlatforms) = postSolution
		{D6C981C3-357B-4333-A3BF-22DDE7E7B882}.Debug|Any CPU.ActiveCfg = Debug|Any CPU
		{D6C981C3-357B-4333-A3BF-22DDE7E7B882}.Debug|Any CPU.Build.0 = Debug|Any CPU
		{D6C981C3-357B-4333-A3BF-22DDE7E7B882}.Release|Any CPU.ActiveCfg = Release|Any CPU
		{D6C981C3-357B-4333-A3BF-22DDE7E7B882}.Release|Any CPU.Build.0 = Release|Any CPU
	EndGlobalSection
	GlobalSection(SolutionProperties) = preSolution
		HideSolutionNode = FALSE
	EndGlobalSection
	GlobalSection(ExtensibilityGlobals) = postSolution
		SolutionGuid = {7723BFDA-1144-4754-8BD6-CB5486FF2258}
	EndGlobalSection
EndGlobal
